
Microsoft Visual Studio Solution File, Format Version 12.00
Project("{FAE04EC0-301F-11D3-BF4B-00C04F79EFBC}") = "mgr_net", "mgr_net\mgr_net.csproj", "{0733AD6E-0B6F-4ED0-9B2F-26506BE78E16}"
EndProject
Global
	GlobalSection(SolutionConfigurationPlatforms) = preSolution
		Debug|Any CPU = Debug|Any CPU
		Release|Any CPU = Release|Any CPU
	EndGlobalSection
	GlobalSection(ProjectConfigurationPlatforms) = postSolution
		{0733AD6E-0B6F-4ED0-9B2F-26506BE78E16}.Debug|Any CPU.ActiveCfg = Debug|Any CPU
		{0733AD6E-0B6F-4ED0-9B2F-26506BE78E16}.Debug|Any CPU.Build.0 = Debug|Any CPU
		{0733AD6E-0B6F-4ED0-9B2F-26506BE78E16}.Release|Any CPU.ActiveCfg = Release|Any CPU
		{0733AD6E-0B6F-4ED0-9B2F-26506BE78E16}.Release|Any CPU.Build.0 = Release|Any CPU
	EndGlobalSection
EndGlobal
